
Microsoft Visual Studio Solution File, Format Version 12.00
# Visual Studio Version 16
VisualStudioVersion = 16.0.30503.244
MinimumVisualStudioVersion = 10.0.40219.1
Project("{FAE04EC0-301F-11D3-BF4B-00C04F79EFBC}") = "Calculator", "Calculator\Calculator.csproj", "{CCD09470-E37A-455A-B217-7B612662F43D}"
EndProject
Global
	GlobalSection(SolutionConfigurationPlatforms) = preSolution
		Debug|Any CPU = Debug|Any CPU
		Release|Any CPU = Release|Any CPU
	EndGlobalSection
	GlobalSection(ProjectConfigurationPlatforms) = postSolution
		{CCD09470-E37A-455A-B217-7B612662F43D}.Debug|Any CPU.ActiveCfg = Debug|Any CPU
		{CCD09470-E37A-455A-B217-7B612662F43D}.Debug|Any CPU.Build.0 = Debug|Any CPU
		{CCD09470-E37A-455A-B217-7B612662F43D}.Release|Any CPU.ActiveCfg = Release|Any CPU
		{CCD09470-E37A-455A-B217-7B612662F43D}.Release|Any CPU.Build.0 = Release|Any CPU
	EndGlobalSection
	GlobalSection(SolutionProperties) = preSolution
		HideSolutionNode = FALSE
	EndGlobalSection
	GlobalSection(ExtensibilityGlobals) = postSolution
		SolutionGuid = {DF25308C-44DF-4EAE-B12F-F5C14C17D3DA}
	EndGlobalSection
EndGlobal
